
Microsoft Visual Studio Solution File, Format Version 12.00
# Visual Studio Version 17
VisualStudioVersion = 17.12.35707.178
MinimumVisualStudioVersion = 10.0.40219.1
Project("{FAE04EC0-301F-11D3-BF4B-00C04F79EFBC}") = "ProductApi", "ProductApi\ProductApi.csproj", "{D507E1BD-4238-47D8-BE34-B694303F8E9B}"
EndProject
Project("{FAE04EC0-301F-11D3-BF4B-00C04F79EFBC}") = "ProductModel", "ProductModel\ProductModel.csproj", "{7D0727C5-4322-4AFB-AC92-F43A71C849A4}"
EndProject
Project("{FAE04EC0-301F-11D3-BF4B-00C04F79EFBC}") = "ProductConsoleApp", "ProductConsoleApp\ProductConsoleApp.csproj", "{A29A75D5-7BFF-4637-816C-7F1545FD9056}"
EndProject
Project("{2150E333-8FDC-42A3-9474-1A3956D46DE8}") = "Solution Items", "Solution Items", "{E6E7F8E3-DAC7-4FAF-9E89-F871F2E7E15C}"
	ProjectSection(SolutionItems) = preProject
		README.md = README.md
	EndProjectSection
EndProject
Project("{FAE04EC0-301F-11D3-BF4B-00C04F79EFBC}") = "ProductTestCases", "ProductTestCases\ProductTestCases.csproj", "{6C10B9A4-939D-457C-BE68-59B3F40445D9}"
EndProject
Global
	GlobalSection(SolutionConfigurationPlatforms) = preSolution
		Debug|Any CPU = Debug|Any CPU
		Release|Any CPU = Release|Any CPU
	EndGlobalSection
	GlobalSection(ProjectConfigurationPlatforms) = postSolution
		{D507E1BD-4238-47D8-BE34-B694303F8E9B}.Debug|Any CPU.ActiveCfg = Debug|Any CPU
		{D507E1BD-4238-47D8-BE34-B694303F8E9B}.Debug|Any CPU.Build.0 = Debug|Any CPU
		{D507E1BD-4238-47D8-BE34-B694303F8E9B}.Release|Any CPU.ActiveCfg = Release|Any CPU
		{D507E1BD-4238-47D8-BE34-B694303F8E9B}.Release|Any CPU.Build.0 = Release|Any CPU
		{7D0727C5-4322-4AFB-AC92-F43A71C849A4}.Debug|Any CPU.ActiveCfg = Debug|Any CPU
		{7D0727C5-4322-4AFB-AC92-F43A71C849A4}.Debug|Any CPU.Build.0 = Debug|Any CPU
		{7D0727C5-4322-4AFB-AC92-F43A71C849A4}.Release|Any CPU.ActiveCfg = Release|Any CPU
		{7D0727C5-4322-4AFB-AC92-F43A71C849A4}.Release|Any CPU.Build.0 = Release|Any CPU
		{A29A75D5-7BFF-4637-816C-7F1545FD9056}.Debug|Any CPU.ActiveCfg = Debug|Any CPU
		{A29A75D5-7BFF-4637-816C-7F1545FD9056}.Debug|Any CPU.Build.0 = Debug|Any CPU
		{A29A75D5-7BFF-4637-816C-7F1545FD9056}.Release|Any CPU.ActiveCfg = Release|Any CPU
		{A29A75D5-7BFF-4637-816C-7F1545FD9056}.Release|Any CPU.Build.0 = Release|Any CPU
		{6C10B9A4-939D-457C-BE68-59B3F40445D9}.Debug|Any CPU.ActiveCfg = Debug|Any CPU
		{6C10B9A4-939D-457C-BE68-59B3F40445D9}.Debug|Any CPU.Build.0 = Debug|Any CPU
		{6C10B9A4-939D-457C-BE68-59B3F40445D9}.Release|Any CPU.ActiveCfg = Release|Any CPU
		{6C10B9A4-939D-457C-BE68-59B3F40445D9}.Release|Any CPU.Build.0 = Release|Any CPU
	EndGlobalSection
	GlobalSection(SolutionProperties) = preSolution
		HideSolutionNode = FALSE
	EndGlobalSection
EndGlobal
